// !$*UTF8*$!
{
	archiveVersion = 1;
	classes = {
	};
	objectVersion = 50;
	objects = {

/* Begin PBXBuildFile section */
		872513DE2260D03A00A6E7B5 /* AppDelegate.swift in Sources */ = {isa = PBXBuildFile; fileRef = 872513DD2260D03A00A6E7B5 /* AppDelegate.swift */; };
		872513E02260D03A00A6E7B5 /* ViewController.swift in Sources */ = {isa = PBXBuildFile; fileRef = 872513DF2260D03A00A6E7B5 /* ViewController.swift */; };
		872513E32260D03A00A6E7B5 /* Main.storyboard in Resources */ = {isa = PBXBuildFile; fileRef = 872513E12260D03A00A6E7B5 /* Main.storyboard */; };
		872513E62260D03A00A6E7B5 /* MemeMe.xcdatamodeld in Sources */ = {isa = PBXBuildFile; fileRef = 872513E42260D03A00A6E7B5 /* MemeMe.xcdatamodeld */; };
		872513E82260D03B00A6E7B5 /* Assets.xcassets in Resources */ = {isa = PBXBuildFile; fileRef = 872513E72260D03B00A6E7B5 /* Assets.xcassets */; };
		872513EB2260D03B00A6E7B5 /* LaunchScreen.storyboard in Resources */ = {isa = PBXBuildFile; fileRef = 872513E92260D03B00A6E7B5 /* LaunchScreen.storyboard */; };
		872513F62260D03B00A6E7B5 /* MemeMeTests.swift in Sources */ = {isa = PBXBuildFile; fileRef = 872513F52260D03B00A6E7B5 /* MemeMeTests.swift */; };
		872514012260D03B00A6E7B5 /* MemeMeUITests.swift in Sources */ = {isa = PBXBuildFile; fileRef = 872514002260D03B00A6E7B5 /* MemeMeUITests.swift */; };
		872514102260EDD700A6E7B5 /* Impact.ttf in Resources */ = {isa = PBXBuildFile; fileRef = 8725140E2260E24200A6E7B5 /* Impact.ttf */; };
		872514122261110F00A6E7B5 /* Meme.swift in Sources */ = {isa = PBXBuildFile; fileRef = 872514112261110F00A6E7B5 /* Meme.swift */; };
		872514182274AA1100A6E7B5 /* MemeTableViewCell.swift in Sources */ = {isa = PBXBuildFile; fileRef = 872514162274AA1100A6E7B5 /* MemeTableViewCell.swift */; };
		872514192274AA1100A6E7B5 /* MemeTableViewCell.xib in Resources */ = {isa = PBXBuildFile; fileRef = 872514172274AA1100A6E7B5 /* MemeTableViewCell.xib */; };
		8725141B2274C49100A6E7B5 /* MemeTableView_VC.swift in Sources */ = {isa = PBXBuildFile; fileRef = 8725141A2274C49100A6E7B5 /* MemeTableView_VC.swift */; };
		8725141D2274C4A400A6E7B5 /* MemeCollectionView_VC.swift in Sources */ = {isa = PBXBuildFile; fileRef = 8725141C2274C4A300A6E7B5 /* MemeCollectionView_VC.swift */; };
		8725141F2274C4E200A6E7B5 /* MemeDetails_VC.swift in Sources */ = {isa = PBXBuildFile; fileRef = 8725141E2274C4E200A6E7B5 /* MemeDetails_VC.swift */; };
		872514212274CAD400A6E7B5 /* MemeCollectionViewCell.swift in Sources */ = {isa = PBXBuildFile; fileRef = 872514202274CAD400A6E7B5 /* MemeCollectionViewCell.swift */; };
/* End PBXBuildFile section */

/* Begin PBXContainerItemProxy section */
		872513F22260D03B00A6E7B5 /* PBXContainerItemProxy */ = {
			isa = PBXContainerItemProxy;
			containerPortal = 872513D22260D03A00A6E7B5 /* Project object */;
			proxyType = 1;
			remoteGlobalIDString = 872513D92260D03A00A6E7B5;
			remoteInfo = MemeMe;
		};
		872513FD2260D03B00A6E7B5 /* PBXContainerItemProxy */ = {
			isa = PBXContainerItemProxy;
			containerPortal = 872513D22260D03A00A6E7B5 /* Project object */;
			proxyType = 1;
			remoteGlobalIDString = 872513D92260D03A00A6E7B5;
			remoteInfo = MemeMe;
		};
/* End PBXContainerItemProxy section */

/* Begin PBXFileReference section */
		872513DA2260D03A00A6E7B5 /* MemeMe.app */ = {isa = PBXFileReference; explicitFileType = wrapper.application; includeInIndex = 0; path = MemeMe.app; sourceTree = BUILT_PRODUCTS_DIR; };
		872513DD2260D03A00A6E7B5 /* AppDelegate.swift */ = {isa = PBXFileReference; lastKnownFileType = sourcecode.swift; path = AppDelegate.swift; sourceTree = "<group>"; };
		872513DF2260D03A00A6E7B5 /* ViewController.swift */ = {isa = PBXFileReference; lastKnownFileType = sourcecode.swift; name = ViewController.swift; path = MemeMe/Controllers/ViewController.swift; sourceTree = SOURCE_ROOT; };
		872513E22260D03A00A6E7B5 /* Base */ = {isa = PBXFileReference; lastKnownFileType = file.storyboard; name = Base; path = Base.lproj/Main.storyboard; sourceTree = "<group>"; };
		872513E52260D03A00A6E7B5 /* MemeMe.xcdatamodel */ = {isa = PBXFileReference; lastKnownFileType = wrapper.xcdatamodel; path = MemeMe.xcdatamodel; sourceTree = "<group>"; };
		872513E72260D03B00A6E7B5 /* Assets.xcassets */ = {isa = PBXFileReference; lastKnownFileType = folder.assetcatalog; path = Assets.xcassets; sourceTree = "<group>"; };
		872513EA2260D03B00A6E7B5 /* Base */ = {isa = PBXFileReference; lastKnownFileType = file.storyboard; name = Base; path = Base.lproj/LaunchScreen.storyboard; sourceTree = "<group>"; };
		872513EC2260D03B00A6E7B5 /* Info.plist */ = {isa = PBXFileReference; lastKnownFileType = text.plist.xml; path = Info.plist; sourceTree = "<group>"; };
		872513F12260D03B00A6E7B5 /* MemeMeTests.xctest */ = {isa = PBXFileReference; explicitFileType = wrapper.cfbundle; includeInIndex = 0; path = MemeMeTests.xctest; sourceTree = BUILT_PRODUCTS_DIR; };
		872513F52260D03B00A6E7B5 /* MemeMeTests.swift */ = {isa = PBXFileReference; lastKnownFileType = sourcecode.swift; path = MemeMeTests.swift; sourceTree = "<group>"; };
		872513F72260D03B00A6E7B5 /* Info.plist */ = {isa = PBXFileReference; lastKnownFileType = text.plist.xml; path = Info.plist; sourceTree = "<group>"; };
		872513FC2260D03B00A6E7B5 /* MemeMeUITests.xctest */ = {isa = PBXFileReference; explicitFileType = wrapper.cfbundle; includeInIndex = 0; path = MemeMeUITests.xctest; sourceTree = BUILT_PRODUCTS_DIR; };
		872514002260D03B00A6E7B5 /* MemeMeUITests.swift */ = {isa = PBXFileReference; lastKnownFileType = sourcecode.swift; path = MemeMeUITests.swift; sourceTree = "<group>"; };
		872514022260D03B00A6E7B5 /* Info.plist */ = {isa = PBXFileReference; lastKnownFileType = text.plist.xml; path = Info.plist; sourceTree = "<group>"; };
		8725140E2260E24200A6E7B5 /* Impact.ttf */ = {isa = PBXFileReference; lastKnownFileType = file; path = Impact.ttf; sourceTree = "<group>"; };
		872514112261110F00A6E7B5 /* Meme.swift */ = {isa = PBXFileReference; lastKnownFileType = sourcecode.swift; path = Meme.swift; sourceTree = "<group>"; };
		872514162274AA1100A6E7B5 /* MemeTableViewCell.swift */ = {isa = PBXFileReference; lastKnownFileType = sourcecode.swift; path = MemeTableViewCell.swift; sourceTree = "<group>"; };
		872514172274AA1100A6E7B5 /* MemeTableViewCell.xib */ = {isa = PBXFileReference; lastKnownFileType = file.xib; path = MemeTableViewCell.xib; sourceTree = "<group>"; };
		8725141A2274C49100A6E7B5 /* MemeTableView_VC.swift */ = {isa = PBXFileReference; lastKnownFileType = sourcecode.swift; path = MemeTableView_VC.swift; sourceTree = "<group>"; };
		8725141C2274C4A300A6E7B5 /* MemeCollectionView_VC.swift */ = {isa = PBXFileReference; lastKnownFileType = sourcecode.swift; path = MemeCollectionView_VC.swift; sourceTree = "<group>"; };
		8725141E2274C4E200A6E7B5 /* MemeDetails_VC.swift */ = {isa = PBXFileReference; lastKnownFileType = sourcecode.swift; path = MemeDetails_VC.swift; sourceTree = "<group>"; };
		872514202274CAD400A6E7B5 /* MemeCollectionViewCell.swift */ = {isa = PBXFileReference; lastKnownFileType = sourcecode.swift; path = MemeCollectionViewCell.swift; sourceTree = "<group>"; };
/* End PBXFileReference section */

/* Begin PBXFrameworksBuildPhase section */
		872513D72260D03A00A6E7B5 /* Frameworks */ = {
			isa = PBXFrameworksBuildPhase;
			buildActionMask = 2147483647;
			files = (
			);
			runOnlyForDeploymentPostprocessing = 0;
		};
		872513EE2260D03B00A6E7B5 /* Frameworks */ = {
			isa = PBXFrameworksBuildPhase;
			buildActionMask = 2147483647;
			files = (
			);
			runOnlyForDeploymentPostprocessing = 0;
		};
		872513F92260D03B00A6E7B5 /* Frameworks */ = {
			isa = PBXFrameworksBuildPhase;
			buildActionMask = 2147483647;
			files = (
			);
			runOnlyForDeploymentPostprocessing = 0;
		};
/* End PBXFrameworksBuildPhase section */

/* Begin PBXGroup section */
		872513D12260D03A00A6E7B5 = {
			isa = PBXGroup;
			children = (
				872513DC2260D03A00A6E7B5 /* MemeMe */,
				872513F42260D03B00A6E7B5 /* MemeMeTests */,
				872513FF2260D03B00A6E7B5 /* MemeMeUITests */,
				872513DB2260D03A00A6E7B5 /* Products */,
			);
			sourceTree = "<group>";
		};
		872513DB2260D03A00A6E7B5 /* Products */ = {
			isa = PBXGroup;
			children = (
				872513DA2260D03A00A6E7B5 /* MemeMe.app */,
				872513F12260D03B00A6E7B5 /* MemeMeTests.xctest */,
				872513FC2260D03B00A6E7B5 /* MemeMeUITests.xctest */,
			);
			name = Products;
			sourceTree = "<group>";
		};
		872513DC2260D03A00A6E7B5 /* MemeMe */ = {
			isa = PBXGroup;
			children = (
				872513DD2260D03A00A6E7B5 /* AppDelegate.swift */,
				872514132274A9CC00A6E7B5 /* Models */,
				872514152274A9D900A6E7B5 /* Views */,
				872514142274A9D300A6E7B5 /* Controllers */,
				872513E92260D03B00A6E7B5 /* LaunchScreen.storyboard */,
				872513E12260D03A00A6E7B5 /* Main.storyboard */,
				872513E72260D03B00A6E7B5 /* Assets.xcassets */,
				872513EC2260D03B00A6E7B5 /* Info.plist */,
				872513E42260D03A00A6E7B5 /* MemeMe.xcdatamodeld */,
				8725140E2260E24200A6E7B5 /* Impact.ttf */,
			);
			path = MemeMe;
			sourceTree = "<group>";
		};
		872513F42260D03B00A6E7B5 /* MemeMeTests */ = {
			isa = PBXGroup;
			children = (
				872513F52260D03B00A6E7B5 /* MemeMeTests.swift */,
				872513F72260D03B00A6E7B5 /* Info.plist */,
			);
			path = MemeMeTests;
			sourceTree = "<group>";
		};
		872513FF2260D03B00A6E7B5 /* MemeMeUITests */ = {
			isa = PBXGroup;
			children = (
				872514002260D03B00A6E7B5 /* MemeMeUITests.swift */,
				872514022260D03B00A6E7B5 /* Info.plist */,
			);
			path = MemeMeUITests;
			sourceTree = "<group>";
		};
		872514132274A9CC00A6E7B5 /* Models */ = {
			isa = PBXGroup;
			children = (
				872514112261110F00A6E7B5 /* Meme.swift */,
			);
			path = Models;
			sourceTree = "<group>";
		};
		872514142274A9D300A6E7B5 /* Controllers */ = {
			isa = PBXGroup;
			children = (
				872513DF2260D03A00A6E7B5 /* ViewController.swift */,
				8725141A2274C49100A6E7B5 /* MemeTableView_VC.swift */,
				8725141C2274C4A300A6E7B5 /* MemeCollectionView_VC.swift */,
				8725141E2274C4E200A6E7B5 /* MemeDetails_VC.swift */,
			);
			path = Controllers;
			sourceTree = "<group>";
		};
		872514152274A9D900A6E7B5 /* Views */ = {
			isa = PBXGroup;
			children = (
				872514162274AA1100A6E7B5 /* MemeTableViewCell.swift */,
				872514172274AA1100A6E7B5 /* MemeTableViewCell.xib */,
				872514202274CAD400A6E7B5 /* MemeCollectionViewCell.swift */,
			);
			path = Views;
			sourceTree = "<group>";
		};
/* End PBXGroup section */

/* Begin PBXNativeTarget section */
		872513D92260D03A00A6E7B5 /* MemeMe */ = {
			isa = PBXNativeTarget;
			buildConfigurationList = 872514052260D03B00A6E7B5 /* Build configuration list for PBXNativeTarget "MemeMe" */;
			buildPhases = (
				872513D62260D03A00A6E7B5 /* Sources */,
				872513D72260D03A00A6E7B5 /* Frameworks */,
				872513D82260D03A00A6E7B5 /* Resources */,
			);
			buildRules = (
			);
			dependencies = (
			);
			name = MemeMe;
			productName = MemeMe;
			productReference = 872513DA2260D03A00A6E7B5 /* MemeMe.app */;
			productType = "com.apple.product-type.application";
		};
		872513F02260D03B00A6E7B5 /* MemeMeTests */ = {
			isa = PBXNativeTarget;
			buildConfigurationList = 872514082260D03B00A6E7B5 /* Build configuration list for PBXNativeTarget "MemeMeTests" */;
			buildPhases = (
				872513ED2260D03B00A6E7B5 /* Sources */,
				872513EE2260D03B00A6E7B5 /* Frameworks */,
				872513EF2260D03B00A6E7B5 /* Resources */,
			);
			buildRules = (
			);
			dependencies = (
				872513F32260D03B00A6E7B5 /* PBXTargetDependency */,
			);
			name = MemeMeTests;
			productName = MemeMeTests;
			productReference = 872513F12260D03B00A6E7B5 /* MemeMeTests.xctest */;
			productType = "com.apple.product-type.bundle.unit-test";
		};
		872513FB2260D03B00A6E7B5 /* MemeMeUITests */ = {
			isa = PBXNativeTarget;
			buildConfigurationList = 8725140B2260D03B00A6E7B5 /* Build configuration list for PBXNativeTarget "MemeMeUITests" */;
			buildPhases = (
				872513F82260D03B00A6E7B5 /* Sources */,
				872513F92260D03B00A6E7B5 /* Frameworks */,
				872513FA2260D03B00A6E7B5 /* Resources */,
			);
			buildRules = (
			);
			dependencies = (
				872513FE2260D03B00A6E7B5 /* PBXTargetDependency */,
			);
			name = MemeMeUITests;
			productName = MemeMeUITests;
			productReference = 872513FC2260D03B00A6E7B5 /* MemeMeUITests.xctest */;
			productType = "com.apple.product-type.bundle.ui-testing";
		};
/* End PBXNativeTarget section */

/* Begin PBXProject section */
		872513D22260D03A00A6E7B5 /* Project object */ = {
			isa = PBXProject;
			attributes = {
				LastSwiftUpdateCheck = 1010;
				LastUpgradeCheck = 1010;
				ORGANIZATIONNAME = Reem;
				TargetAttributes = {
					872513D92260D03A00A6E7B5 = {
						CreatedOnToolsVersion = 10.1;
					};
					872513F02260D03B00A6E7B5 = {
						CreatedOnToolsVersion = 10.1;
						TestTargetID = 872513D92260D03A00A6E7B5;
					};
					872513FB2260D03B00A6E7B5 = {
						CreatedOnToolsVersion = 10.1;
						TestTargetID = 872513D92260D03A00A6E7B5;
					};
				};
			};
			buildConfigurationList = 872513D52260D03A00A6E7B5 /* Build configuration list for PBXProject "MemeMe" */;
			compatibilityVersion = "Xcode 9.3";
			developmentRegion = en;
			hasScannedForEncodings = 0;
			knownRegions = (
				en,
				Base,
			);
			mainGroup = 872513D12260D03A00A6E7B5;
			productRefGroup = 872513DB2260D03A00A6E7B5 /* Products */;
			projectDirPath = "";
			projectRoot = "";
			targets = (
				872513D92260D03A00A6E7B5 /* MemeMe */,
				872513F02260D03B00A6E7B5 /* MemeMeTests */,
				872513FB2260D03B00A6E7B5 /* MemeMeUITests */,
			);
		};
/* End PBXProject section */

/* Begin PBXResourcesBuildPhase section */
		872513D82260D03A00A6E7B5 /* Resources */ = {
			isa = PBXResourcesBuildPhase;
			buildActionMask = 2147483647;
			files = (
				872514102260EDD700A6E7B5 /* Impact.ttf in Resources */,
				872513EB2260D03B00A6E7B5 /* LaunchScreen.storyboard in Resources */,
				872513E82260D03B00A6E7B5 /* Assets.xcassets in Resources */,
				872514192274AA1100A6E7B5 /* MemeTableViewCell.xib in Resources */,
				872513E32260D03A00A6E7B5 /* Main.storyboard in Resources */,
			);
			runOnlyForDeploymentPostprocessing = 0;
		};
		872513EF2260D03B00A6E7B5 /* Resources */ = {
			isa = PBXResourcesBuildPhase;
			buildActionMask = 2147483647;
			files = (
			);
			runOnlyForDeploymentPostprocessing = 0;
		};
		872513FA2260D03B00A6E7B5 /* Resources */ = {
			isa = PBXResourcesBuildPhase;
			buildActionMask = 2147483647;
			files = (
			);
			runOnlyForDeploymentPostprocessing = 0;
		};
/* End PBXResourcesBuildPhase section */

/* Begin PBXSourcesBuildPhase section */
		872513D62260D03A00A6E7B5 /* Sources */ = {
			isa = PBXSourcesBuildPhase;
			buildActionMask = 2147483647;
			files = (
				872513E62260D03A00A6E7B5 /* MemeMe.xcdatamodeld in Sources */,
				8725141F2274C4E200A6E7B5 /* MemeDetails_VC.swift in Sources */,
				8725141D2274C4A400A6E7B5 /* MemeCollectionView_VC.swift in Sources */,
				872514212274CAD400A6E7B5 /* MemeCollectionViewCell.swift in Sources */,
				872514122261110F00A6E7B5 /* Meme.swift in Sources */,
				872514182274AA1100A6E7B5 /* MemeTableViewCell.swift in Sources */,
				872513E02260D03A00A6E7B5 /* ViewController.swift in Sources */,
				8725141B2274C49100A6E7B5 /* MemeTableView_VC.swift in Sources */,
				872513DE2260D03A00A6E7B5 /* AppDelegate.swift in Sources */,
			);
			runOnlyForDeploymentPostprocessing = 0;
		};
		872513ED2260D03B00A6E7B5 /* Sources */ = {
			isa = PBXSourcesBuildPhase;
			buildActionMask = 2147483647;
			files = (
				872513F62260D03B00A6E7B5 /* MemeMeTests.swift in Sources */,
			);
			runOnlyForDeploymentPostprocessing = 0;
		};
		872513F82260D03B00A6E7B5 /* Sources */ = {
			isa = PBXSourcesBuildPhase;
			buildActionMask = 2147483647;
			files = (
				872514012260D03B00A6E7B5 /* MemeMeUITests.swift in Sources */,
			);
			runOnlyForDeploymentPostprocessing = 0;
		};
/* End PBXSourcesBuildPhase section */

/* Begin PBXTargetDependency section */
		872513F32260D03B00A6E7B5 /* PBXTargetDependency */ = {
			isa = PBXTargetDependency;
			target = 872513D92260D03A00A6E7B5 /* MemeMe */;
			targetProxy = 872513F22260D03B00A6E7B5 /* PBXContainerItemProxy */;
		};
		872513FE2260D03B00A6E7B5 /* PBXTargetDependency */ = {
			isa = PBXTargetDependency;
			target = 872513D92260D03A00A6E7B5 /* MemeMe */;
			targetProxy = 872513FD2260D03B00A6E7B5 /* PBXContainerItemProxy */;
		};
/* End PBXTargetDependency section */

/* Begin PBXVariantGroup section */
		872513E12260D03A00A6E7B5 /* Main.storyboard */ = {
			isa = PBXVariantGroup;
			children = (
				872513E22260D03A00A6E7B5 /* Base */,
			);
			name = Main.storyboard;
			sourceTree = "<group>";
		};
		872513E92260D03B00A6E7B5 /* LaunchScreen.storyboard */ = {
			isa = PBXVariantGroup;
			children = (
				872513EA2260D03B00A6E7B5 /* Base */,
			);
			name = LaunchScreen.storyboard;
			sourceTree = "<group>";
		};
/* End PBXVariantGroup section */

/* Begin XCBuildConfiguration section */
		872514032260D03B00A6E7B5 /* Debug */ = {
			isa = XCBuildConfiguration;
			buildSettings = {
				ALWAYS_SEARCH_USER_PATHS = NO;
				CLANG_ANALYZER_NONNULL = YES;
				CLANG_ANALYZER_NUMBER_OBJECT_CONVERSION = YES_AGGRESSIVE;
				CLANG_CXX_LANGUAGE_STANDARD = "gnu++14";
				CLANG_CXX_LIBRARY = "libc++";
				CLANG_ENABLE_MODULES = YES;
				CLANG_ENABLE_OBJC_ARC = YES;
				CLANG_ENABLE_OBJC_WEAK = YES;
				CLANG_WARN_BLOCK_CAPTURE_AUTORELEASING = YES;
				CLANG_WARN_BOOL_CONVERSION = YES;
				CLANG_WARN_COMMA = YES;
				CLANG_WARN_CONSTANT_CONVERSION = YES;
				CLANG_WARN_DEPRECATED_OBJC_IMPLEMENTATIONS = YES;
				CLANG_WARN_DIRECT_OBJC_ISA_USAGE = YES_ERROR;
				CLANG_WARN_DOCUMENTATION_COMMENTS = YES;
				CLANG_WARN_EMPTY_BODY = YES;
				CLANG_WARN_ENUM_CONVERSION = YES;
				CLANG_WARN_INFINITE_RECURSION = YES;
				CLANG_WARN_INT_CONVERSION = YES;
				CLANG_WARN_NON_LITERAL_NULL_CONVERSION = YES;
				CLANG_WARN_OBJC_IMPLICIT_RETAIN_SELF = YES;
				CLANG_WARN_OBJC_LITERAL_CONVERSION = YES;
				CLANG_WARN_OBJC_ROOT_CLASS = YES_ERROR;
				CLANG_WARN_RANGE_LOOP_ANALYSIS = YES;
				CLANG_WARN_STRICT_PROTOTYPES = YES;
				CLANG_WARN_SUSPICIOUS_MOVE = YES;
				CLANG_WARN_UNGUARDED_AVAILABILITY = YES_AGGRESSIVE;
				CLANG_WARN_UNREACHABLE_CODE = YES;
				CLANG_WARN__DUPLICATE_METHOD_MATCH = YES;
				CODE_SIGN_IDENTITY = "iPhone Developer";
				COPY_PHASE_STRIP = NO;
				DEBUG_INFORMATION_FORMAT = dwarf;
				ENABLE_STRICT_OBJC_MSGSEND = YES;
				ENABLE_TESTABILITY = YES;
				GCC_C_LANGUAGE_STANDARD = gnu11;
				GCC_DYNAMIC_NO_PIC = NO;
				GCC_NO_COMMON_BLOCKS = YES;
				GCC_OPTIMIZATION_LEVEL = 0;
				GCC_PREPROCESSOR_DEFINITIONS = (
					"DEBUG=1",
					"$(inherited)",
				);
				GCC_WARN_64_TO_32_BIT_CONVERSION = YES;
				GCC_WARN_ABOUT_RETURN_TYPE = YES_ERROR;
				GCC_WARN_UNDECLARED_SELECTOR = YES;
				GCC_WARN_UNINITIALIZED_AUTOS = YES_AGGRESSIVE;
				GCC_WARN_UNUSED_FUNCTION = YES;
				GCC_WARN_UNUSED_VARIABLE = YES;
				IPHONEOS_DEPLOYMENT_TARGET = 12.1;
				MTL_ENABLE_DEBUG_INFO = INCLUDE_SOURCE;
				MTL_FAST_MATH = YES;
				ONLY_ACTIVE_ARCH = YES;
				SDKROOT = iphoneos;
				SWIFT_ACTIVE_COMPILATION_CONDITIONS = DEBUG;
				SWIFT_OPTIMIZATION_LEVEL = "-Onone";
			};
			name = Debug;
		};
		872514042260D03B00A6E7B5 /* Release */ = {
			isa = XCBuildConfiguration;
			buildSettings = {
				ALWAYS_SEARCH_USER_PATHS = NO;
				CLANG_ANALYZER_NONNULL = YES;
				CLANG_ANALYZER_NUMBER_OBJECT_CONVERSION = YES_AGGRESSIVE;
				CLANG_CXX_LANGUAGE_STANDARD = "gnu++14";
				CLANG_CXX_LIBRARY = "libc++";
				CLANG_ENABLE_MODULES = YES;
				CLANG_ENABLE_OBJC_ARC = YES;
				CLANG_ENABLE_OBJC_WEAK = YES;
				CLANG_WARN_BLOCK_CAPTURE_AUTORELEASING = YES;
				CLANG_WARN_BOOL_CONVERSION = YES;
				CLANG_WARN_COMMA = YES;
				CLANG_WARN_CONSTANT_CONVERSION = YES;
				CLANG_WARN_DEPRECATED_OBJC_IMPLEMENTATIONS = YES;
				CLANG_WARN_DIRECT_OBJC_ISA_USAGE = YES_ERROR;
				CLANG_WARN_DOCUMENTATION_COMMENTS = YES;
				CLANG_WARN_EMPTY_BODY = YES;
				CLANG_WARN_ENUM_CONVERSION = YES;
				CLANG_WARN_INFINITE_RECURSION = YES;
				CLANG_WARN_INT_CONVERSION = YES;
				CLANG_WARN_NON_LITERAL_NULL_CONVERSION = YES;
				CLANG_WARN_OBJC_IMPLICIT_RETAIN_SELF = YES;
				CLANG_WARN_OBJC_LITERAL_CONVERSION = YES;
				CLANG_WARN_OBJC_ROOT_CLASS = YES_ERROR;
				CLANG_WARN_RANGE_LOOP_ANALYSIS = YES;
				CLANG_WARN_STRICT_PROTOTYPES = YES;
				CLANG_WARN_SUSPICIOUS_MOVE = YES;
				CLANG_WARN_UNGUARDED_AVAILABILITY = YES_AGGRESSIVE;
				CLANG_WARN_UNREACHABLE_CODE = YES;
				CLANG_WARN__DUPLICATE_METHOD_MATCH = YES;
				CODE_SIGN_IDENTITY = "iPhone Developer";
				COPY_PHASE_STRIP = NO;
				DEBUG_INFORMATION_FORMAT = "dwarf-with-dsym";
				ENABLE_NS_ASSERTIONS = NO;
				ENABLE_STRICT_OBJC_MSGSEND = YES;
				GCC_C_LANGUAGE_STANDARD = gnu11;
				GCC_NO_COMMON_BLOCKS = YES;
				GCC_WARN_64_TO_32_BIT_CONVERSION = YES;
				GCC_WARN_ABOUT_RETURN_TYPE = YES_ERROR;
				GCC_WARN_UNDECLARED_SELECTOR = YES;
				GCC_WARN_UNINITIALIZED_AUTOS = YES_AGGRESSIVE;
				GCC_WARN_UNUSED_FUNCTION = YES;
				GCC_WARN_UNUSED_VARIABLE = YES;
				IPHONEOS_DEPLOYMENT_TARGET = 12.1;
				MTL_ENABLE_DEBUG_INFO = NO;
				MTL_FAST_MATH = YES;
				SDKROOT = iphoneos;
				SWIFT_COMPILATION_MODE = wholemodule;
				SWIFT_OPTIMIZATION_LEVEL = "-O";
				VALIDATE_PRODUCT = YES;
			};
			name = Release;
		};
		872514062260D03B00A6E7B5 /* Debug */ = {
			isa = XCBuildConfiguration;
			buildSettings = {
				ASSETCATALOG_COMPILER_APPICON_NAME = AppIcon;
				CODE_SIGN_STYLE = Automatic;
				DEVELOPMENT_TEAM = 2L2489UDYG;
				INFOPLIST_FILE = MemeMe/Info.plist;
				LD_RUNPATH_SEARCH_PATHS = (
					"$(inherited)",
					"@executable_path/Frameworks",
				);
				PRODUCT_BUNDLE_IDENTIFIER = com.reem.MemeMe;
				PRODUCT_NAME = "$(TARGET_NAME)";
				SWIFT_VERSION = 4.2;
				TARGETED_DEVICE_FAMILY = "1,2";
			};
			name = Debug;
		};
		872514072260D03B00A6E7B5 /* Release */ = {
			isa = XCBuildConfiguration;
			buildSettings = {
				ASSETCATALOG_COMPILER_APPICON_NAME = AppIcon;
				CODE_SIGN_STYLE = Automatic;
				DEVELOPMENT_TEAM = 2L2489UDYG;
				INFOPLIST_FILE = MemeMe/Info.plist;
				LD_RUNPATH_SEARCH_PATHS = (
					"$(inherited)",
					"@executable_path/Frameworks",
				);
				PRODUCT_BUNDLE_IDENTIFIER = com.reem.MemeMe;
				PRODUCT_NAME = "$(TARGET_NAME)";
				SWIFT_VERSION = 4.2;
				TARGETED_DEVICE_FAMILY = "1,2";
			};
			name = Release;
		};
		872514092260D03B00A6E7B5 /* Debug */ = {
			isa = XCBuildConfiguration;
			buildSettings = {
				ALWAYS_EMBED_SWIFT_STANDARD_LIBRARIES = YES;
				BUNDLE_LOADER = "$(TEST_HOST)";
				CODE_SIGN_STYLE = Automatic;
				DEVELOPMENT_TEAM = 2L2489UDYG;
				INFOPLIST_FILE = MemeMeTests/Info.plist;
				LD_RUNPATH_SEARCH_PATHS = (
					"$(inherited)",
					"@executable_path/Frameworks",
					"@loader_path/Frameworks",
				);
				PRODUCT_BUNDLE_IDENTIFIER = com.reem.MemeMeTests;
				PRODUCT_NAME = "$(TARGET_NAME)";
				SWIFT_VERSION = 4.2;
				TARGETED_DEVICE_FAMILY = "1,2";
				TEST_HOST = "$(BUILT_PRODUCTS_DIR)/MemeMe.app/MemeMe";
			};
			name = Debug;
		};
		8725140A2260D03B00A6E7B5 /* Release */ = {
			isa = XCBuildConfiguration;
			buildSettings = {
				ALWAYS_EMBED_SWIFT_STANDARD_LIBRARIES = YES;
				BUNDLE_LOADER = "$(TEST_HOST)";
				CODE_SIGN_STYLE = Automatic;
				DEVELOPMENT_TEAM = 2L2489UDYG;
				INFOPLIST_FILE = MemeMeTests/Info.plist;
				LD_RUNPATH_SEARCH_PATHS = (
					"$(inherited)",
					"@executable_path/Frameworks",
					"@loader_path/Frameworks",
				);
				PRODUCT_BUNDLE_IDENTIFIER = com.reem.MemeMeTests;
				PRODUCT_NAME = "$(TARGET_NAME)";
				SWIFT_VERSION = 4.2;
				TARGETED_DEVICE_FAMILY = "1,2";
				TEST_HOST = "$(BUILT_PRODUCTS_DIR)/MemeMe.app/MemeMe";
			};
			name = Release;
		};
		8725140C2260D03B00A6E7B5 /* Debug */ = {
			isa = XCBuildConfiguration;
			buildSettings = {
				ALWAYS_EMBED_SWIFT_STANDARD_LIBRARIES = YES;
				CODE_SIGN_STYLE = Automatic;
				DEVELOPMENT_TEAM = 2L2489UDYG;
				INFOPLIST_FILE = MemeMeUITests/Info.plist;
				LD_RUNPATH_SEARCH_PATHS = (
					"$(inherited)",
					"@executable_path/Frameworks",
					"@loader_path/Frameworks",
				);
				PRODUCT_BUNDLE_IDENTIFIER = com.reem.MemeMeUITests;
				PRODUCT_NAME = "$(TARGET_NAME)";
				SWIFT_VERSION = 4.2;
				TARGETED_DEVICE_FAMILY = "1,2";
				TEST_TARGET_NAME = MemeMe;
			};
			name = Debug;
		};
		8725140D2260D03B00A6E7B5 /* Release */ = {
			isa = XCBuildConfiguration;
			buildSettings = {
				ALWAYS_EMBED_SWIFT_STANDARD_LIBRARIES = YES;
				CODE_SIGN_STYLE = Automatic;
				DEVELOPMENT_TEAM = 2L2489UDYG;
				INFOPLIST_FILE = MemeMeUITests/Info.plist;
				LD_RUNPATH_SEARCH_PATHS = (
					"$(inherited)",
					"@executable_path/Frameworks",
					"@loader_path/Frameworks",
				);
				PRODUCT_BUNDLE_IDENTIFIER = com.reem.MemeMeUITests;
				PRODUCT_NAME = "$(TARGET_NAME)";
				SWIFT_VERSION = 4.2;
				TARGETED_DEVICE_FAMILY = "1,2";
				TEST_TARGET_NAME = MemeMe;
			};
			name = Release;
		};
/* End XCBuildConfiguration section */

/* Begin XCConfigurationList section */
		872513D52260D03A00A6E7B5 /* Build configuration list for PBXProject "MemeMe" */ = {
			isa = XCConfigurationList;
			buildConfigurations = (
				872514032260D03B00A6E7B5 /* Debug */,
				872514042260D03B00A6E7B5 /* Release */,
			);
			defaultConfigurationIsVisible = 0;
			defaultConfigurationName = Release;
		};
		872514052260D03B00A6E7B5 /* Build configuration list for PBXNativeTarget "MemeMe" */ = {
			isa = XCConfigurationList;
			buildConfigurations = (
				872514062260D03B00A6E7B5 /* Debug */,
				872514072260D03B00A6E7B5 /* Release */,
			);
			defaultConfigurationIsVisible = 0;
			defaultConfigurationName = Release;
		};
		872514082260D03B00A6E7B5 /* Build configuration list for PBXNativeTarget "MemeMeTests" */ = {
			isa = XCConfigurationList;
			buildConfigurations = (
				872514092260D03B00A6E7B5 /* Debug */,
				8725140A2260D03B00A6E7B5 /* Release */,
			);
			defaultConfigurationIsVisible = 0;
			defaultConfigurationName = Release;
		};
		8725140B2260D03B00A6E7B5 /* Build configuration list for PBXNativeTarget "MemeMeUITests" */ = {
			isa = XCConfigurationList;
			buildConfigurations = (
				8725140C2260D03B00A6E7B5 /* Debug */,
				8725140D2260D03B00A6E7B5 /* Release */,
			);
			defaultConfigurationIsVisible = 0;
			defaultConfigurationName = Release;
		};
/* End XCConfigurationList section */

/* Begin XCVersionGroup section */
		872513E42260D03A00A6E7B5 /* MemeMe.xcdatamodeld */ = {
			isa = XCVersionGroup;
			children = (
				872513E52260D03A00A6E7B5 /* MemeMe.xcdatamodel */,
			);
			currentVersion = 872513E52260D03A00A6E7B5 /* MemeMe.xcdatamodel */;
			path = MemeMe.xcdatamodeld;
			sourceTree = "<group>";
			versionGroupType = wrapper.xcdatamodel;
		};
/* End XCVersionGroup section */
	};
	rootObject = 872513D22260D03A00A6E7B5 /* Project object */;
}
